# THIS IS AN AUTOGENERATED FILE. DO NOT EDIT THIS FILE DIRECTLY.
# yarn lockfile v1


hono@^3.1.1:
  version "3.1.1"
  resolved "https://registry.yarnpkg.com/hono/-/hono-3.1.1.tgz#e0a6465f3ac656798d221aea2e1c298e03d23095"
  integrity sha512-RZqCFL9qyCGB/YY7lHeaiCICFeoVOf0A8FhOoC/av7fhdj72JH53LC2QudDUKWjrV56+i3YcoPG/1epYNDgbNA==
